// !$*UTF8*$!
{
	archiveVersion = 1;
	classes = {
	};
	objectVersion = 56;
	objects = {

/* Begin PBXBuildFile section */
		674CE36029448F33008B2D6D /* SnapKit in Frameworks */ = {isa = PBXBuildFile; productRef = 674CE35F29448F33008B2D6D /* SnapKit */; };
		674CE36529449217008B2D6D /* MainView.swift in Sources */ = {isa = PBXBuildFile; fileRef = 674CE36429449217008B2D6D /* MainView.swift */; };
		674CE3672944923E008B2D6D /* BaseView.swift in Sources */ = {isa = PBXBuildFile; fileRef = 674CE3662944923E008B2D6D /* BaseView.swift */; };
		674CE36A2944970F008B2D6D /* CategoryCell.swift in Sources */ = {isa = PBXBuildFile; fileRef = 674CE3692944970F008B2D6D /* CategoryCell.swift */; };
		674CE36C29449715008B2D6D /* MenuCell.swift in Sources */ = {isa = PBXBuildFile; fileRef = 674CE36B29449715008B2D6D /* MenuCell.swift */; };
		674CE36F294497D1008B2D6D /* MenuListView.swift in Sources */ = {isa = PBXBuildFile; fileRef = 674CE36E294497D1008B2D6D /* MenuListView.swift */; };
		674CE3742944983B008B2D6D /* CategoryView.swift in Sources */ = {isa = PBXBuildFile; fileRef = 674CE3732944983B008B2D6D /* CategoryView.swift */; };
		6762645F294DD7F90014D092 /* RxCocoa in Frameworks */ = {isa = PBXBuildFile; productRef = 6762645E294DD7F90014D092 /* RxCocoa */; };
		67626461294DD7F90014D092 /* RxSwift in Frameworks */ = {isa = PBXBuildFile; productRef = 67626460294DD7F90014D092 /* RxSwift */; };
		67626463294DDC4E0014D092 /* MainViewModel.swift in Sources */ = {isa = PBXBuildFile; fileRef = 67626462294DDC4E0014D092 /* MainViewModel.swift */; };
		676264782972A9270014D092 /* MenuData.swift in Sources */ = {isa = PBXBuildFile; fileRef = 676264772972A9270014D092 /* MenuData.swift */; };
		6762647C2972BC0F0014D092 /* CategoryCollectionViewLayout.swift in Sources */ = {isa = PBXBuildFile; fileRef = 6762647B2972BC0F0014D092 /* CategoryCollectionViewLayout.swift */; };
		6762647E2973D2670014D092 /* TestRealmAlert.swift in Sources */ = {isa = PBXBuildFile; fileRef = 6762647D2973D2670014D092 /* TestRealmAlert.swift */; };
		676264802973D2A50014D092 /* TestRealmView.swift in Sources */ = {isa = PBXBuildFile; fileRef = 6762647F2973D2A40014D092 /* TestRealmView.swift */; };
		67626482297B0B870014D092 /* RealmManager.swift in Sources */ = {isa = PBXBuildFile; fileRef = 67626481297B0B870014D092 /* RealmManager.swift */; };
		67626486297B17AE0014D092 /* RxRealm in Frameworks */ = {isa = PBXBuildFile; productRef = 67626485297B17AE0014D092 /* RxRealm */; };
		6772F04D294639A100F0B7DA /* Realm in Frameworks */ = {isa = PBXBuildFile; productRef = 6772F04C294639A100F0B7DA /* Realm */; };
		6772F04F294639A100F0B7DA /* RealmSwift in Frameworks */ = {isa = PBXBuildFile; productRef = 6772F04E294639A100F0B7DA /* RealmSwift */; };
		67C3F192293657DB00D2D9D7 /* AppDelegate.swift in Sources */ = {isa = PBXBuildFile; fileRef = 67C3F191293657DB00D2D9D7 /* AppDelegate.swift */; };
		67C3F194293657DB00D2D9D7 /* SceneDelegate.swift in Sources */ = {isa = PBXBuildFile; fileRef = 67C3F193293657DB00D2D9D7 /* SceneDelegate.swift */; };
		67C3F196293657DB00D2D9D7 /* MainViewController.swift in Sources */ = {isa = PBXBuildFile; fileRef = 67C3F195293657DB00D2D9D7 /* MainViewController.swift */; };
		67C3F19C293657DB00D2D9D7 /* AAMenu.xcdatamodeld in Sources */ = {isa = PBXBuildFile; fileRef = 67C3F19A293657DB00D2D9D7 /* AAMenu.xcdatamodeld */; };
		67C3F19E293657DB00D2D9D7 /* Assets.xcassets in Resources */ = {isa = PBXBuildFile; fileRef = 67C3F19D293657DB00D2D9D7 /* Assets.xcassets */; };
		67C3F1A1293657DB00D2D9D7 /* LaunchScreen.storyboard in Resources */ = {isa = PBXBuildFile; fileRef = 67C3F19F293657DB00D2D9D7 /* LaunchScreen.storyboard */; };
/* End PBXBuildFile section */

/* Begin PBXFileReference section */
		674CE36429449217008B2D6D /* MainView.swift */ = {isa = PBXFileReference; lastKnownFileType = sourcecode.swift; path = MainView.swift; sourceTree = "<group>"; };
		674CE3662944923E008B2D6D /* BaseView.swift */ = {isa = PBXFileReference; lastKnownFileType = sourcecode.swift; path = BaseView.swift; sourceTree = "<group>"; };
		674CE3692944970F008B2D6D /* CategoryCell.swift */ = {isa = PBXFileReference; lastKnownFileType = sourcecode.swift; path = CategoryCell.swift; sourceTree = "<group>"; };
		674CE36B29449715008B2D6D /* MenuCell.swift */ = {isa = PBXFileReference; lastKnownFileType = sourcecode.swift; path = MenuCell.swift; sourceTree = "<group>"; };
		674CE36E294497D1008B2D6D /* MenuListView.swift */ = {isa = PBXFileReference; lastKnownFileType = sourcecode.swift; path = MenuListView.swift; sourceTree = "<group>"; };
		674CE3732944983B008B2D6D /* CategoryView.swift */ = {isa = PBXFileReference; lastKnownFileType = sourcecode.swift; path = CategoryView.swift; sourceTree = "<group>"; };
		67626462294DDC4E0014D092 /* MainViewModel.swift */ = {isa = PBXFileReference; lastKnownFileType = sourcecode.swift; path = MainViewModel.swift; sourceTree = "<group>"; };
		676264772972A9270014D092 /* MenuData.swift */ = {isa = PBXFileReference; lastKnownFileType = sourcecode.swift; path = MenuData.swift; sourceTree = "<group>"; };
		6762647B2972BC0F0014D092 /* CategoryCollectionViewLayout.swift */ = {isa = PBXFileReference; lastKnownFileType = sourcecode.swift; path = CategoryCollectionViewLayout.swift; sourceTree = "<group>"; };
		6762647D2973D2670014D092 /* TestRealmAlert.swift */ = {isa = PBXFileReference; lastKnownFileType = sourcecode.swift; path = TestRealmAlert.swift; sourceTree = "<group>"; };
		6762647F2973D2A40014D092 /* TestRealmView.swift */ = {isa = PBXFileReference; lastKnownFileType = sourcecode.swift; path = TestRealmView.swift; sourceTree = "<group>"; };
		67626481297B0B870014D092 /* RealmManager.swift */ = {isa = PBXFileReference; lastKnownFileType = sourcecode.swift; path = RealmManager.swift; sourceTree = "<group>"; };
		67C3F18E293657DB00D2D9D7 /* AAMenu.app */ = {isa = PBXFileReference; explicitFileType = wrapper.application; includeInIndex = 0; path = AAMenu.app; sourceTree = BUILT_PRODUCTS_DIR; };
		67C3F191293657DB00D2D9D7 /* AppDelegate.swift */ = {isa = PBXFileReference; lastKnownFileType = sourcecode.swift; path = AppDelegate.swift; sourceTree = "<group>"; };
		67C3F193293657DB00D2D9D7 /* SceneDelegate.swift */ = {isa = PBXFileReference; lastKnownFileType = sourcecode.swift; path = SceneDelegate.swift; sourceTree = "<group>"; };
		67C3F195293657DB00D2D9D7 /* MainViewController.swift */ = {isa = PBXFileReference; lastKnownFileType = sourcecode.swift; path = MainViewController.swift; sourceTree = "<group>"; };
		67C3F19B293657DB00D2D9D7 /* AAMenu.xcdatamodel */ = {isa = PBXFileReference; lastKnownFileType = wrapper.xcdatamodel; path = AAMenu.xcdatamodel; sourceTree = "<group>"; };
		67C3F19D293657DB00D2D9D7 /* Assets.xcassets */ = {isa = PBXFileReference; lastKnownFileType = folder.assetcatalog; path = Assets.xcassets; sourceTree = "<group>"; };
		67C3F1A0293657DB00D2D9D7 /* Base */ = {isa = PBXFileReference; lastKnownFileType = file.storyboard; name = Base; path = Base.lproj/LaunchScreen.storyboard; sourceTree = "<group>"; };
		67C3F1A2293657DB00D2D9D7 /* Info.plist */ = {isa = PBXFileReference; lastKnownFileType = text.plist.xml; path = Info.plist; sourceTree = "<group>"; };
/* End PBXFileReference section */

/* Begin PBXFrameworksBuildPhase section */
		67C3F18B293657DB00D2D9D7 /* Frameworks */ = {
			isa = PBXFrameworksBuildPhase;
			buildActionMask = 2147483647;
			files = (
				67626486297B17AE0014D092 /* RxRealm in Frameworks */,
				6772F04F294639A100F0B7DA /* RealmSwift in Frameworks */,
				6772F04D294639A100F0B7DA /* Realm in Frameworks */,
				67626461294DD7F90014D092 /* RxSwift in Frameworks */,
				6762645F294DD7F90014D092 /* RxCocoa in Frameworks */,
				674CE36029448F33008B2D6D /* SnapKit in Frameworks */,
			);
			runOnlyForDeploymentPostprocessing = 0;
		};
/* End PBXFrameworksBuildPhase section */

/* Begin PBXGroup section */
		674CE36129448F99008B2D6D /* Login */ = {
			isa = PBXGroup;
			children = (
			);
			path = Login;
			sourceTree = "<group>";
		};
		674CE36229448FBE008B2D6D /* CreateIntro */ = {
			isa = PBXGroup;
			children = (
			);
			path = CreateIntro;
			sourceTree = "<group>";
		};
		674CE36329448FDB008B2D6D /* Main */ = {
			isa = PBXGroup;
			children = (
				67C3F195293657DB00D2D9D7 /* MainViewController.swift */,
				67626462294DDC4E0014D092 /* MainViewModel.swift */,
				674CE36429449217008B2D6D /* MainView.swift */,
			);
			path = Main;
			sourceTree = "<group>";
		};
		674CE36D294497C1008B2D6D /* CategoryView */ = {
			isa = PBXGroup;
			children = (
				674CE3692944970F008B2D6D /* CategoryCell.swift */,
				6762647B2972BC0F0014D092 /* CategoryCollectionViewLayout.swift */,
				674CE3732944983B008B2D6D /* CategoryView.swift */,
				6762647D2973D2670014D092 /* TestRealmAlert.swift */,
				6762647F2973D2A40014D092 /* TestRealmView.swift */,
			);
			path = CategoryView;
			sourceTree = "<group>";
		};
		674CE370294497D7008B2D6D /* MainListView */ = {
			isa = PBXGroup;
			children = (
				674CE36B29449715008B2D6D /* MenuCell.swift */,
				674CE36E294497D1008B2D6D /* MenuListView.swift */,
			);
			path = MainListView;
			sourceTree = "<group>";
		};
		674CE371294497E4008B2D6D /* CustomView */ = {
			isa = PBXGroup;
			children = (
				674CE370294497D7008B2D6D /* MainListView */,
				674CE36D294497C1008B2D6D /* CategoryView */,
				674CE372294497FC008B2D6D /* BaseView */,
			);
			path = CustomView;
			sourceTree = "<group>";
		};
		674CE372294497FC008B2D6D /* BaseView */ = {
			isa = PBXGroup;
			children = (
				674CE3662944923E008B2D6D /* BaseView.swift */,
			);
			path = BaseView;
			sourceTree = "<group>";
		};
		6772F04A294638F700F0B7DA /* Realm */ = {
			isa = PBXGroup;
			children = (
				676264772972A9270014D092 /* MenuData.swift */,
				67626481297B0B870014D092 /* RealmManager.swift */,
			);
			path = Realm;
			sourceTree = "<group>";
		};
		67C3F185293657DB00D2D9D7 = {
			isa = PBXGroup;
			children = (
				67C3F190293657DB00D2D9D7 /* AAMenu */,
				67C3F18F293657DB00D2D9D7 /* Products */,
			);
			sourceTree = "<group>";
		};
		67C3F18F293657DB00D2D9D7 /* Products */ = {
			isa = PBXGroup;
			children = (
				67C3F18E293657DB00D2D9D7 /* AAMenu.app */,
			);
			name = Products;
			sourceTree = "<group>";
		};
		67C3F190293657DB00D2D9D7 /* AAMenu */ = {
			isa = PBXGroup;
			children = (
				67C3F191293657DB00D2D9D7 /* AppDelegate.swift */,
				67C3F193293657DB00D2D9D7 /* SceneDelegate.swift */,
				6772F04A294638F700F0B7DA /* Realm */,
				674CE371294497E4008B2D6D /* CustomView */,
				674CE36329448FDB008B2D6D /* Main */,
				674CE36229448FBE008B2D6D /* CreateIntro */,
				674CE36129448F99008B2D6D /* Login */,
				67C3F19D293657DB00D2D9D7 /* Assets.xcassets */,
				67C3F19F293657DB00D2D9D7 /* LaunchScreen.storyboard */,
				67C3F1A2293657DB00D2D9D7 /* Info.plist */,
				67C3F19A293657DB00D2D9D7 /* AAMenu.xcdatamodeld */,
			);
			path = AAMenu;
			sourceTree = "<group>";
		};
/* End PBXGroup section */

/* Begin PBXNativeTarget section */
		67C3F18D293657DB00D2D9D7 /* AAMenu */ = {
			isa = PBXNativeTarget;
			buildConfigurationList = 67C3F1A5293657DB00D2D9D7 /* Build configuration list for PBXNativeTarget "AAMenu" */;
			buildPhases = (
				67C3F18A293657DB00D2D9D7 /* Sources */,
				67C3F18B293657DB00D2D9D7 /* Frameworks */,
				67C3F18C293657DB00D2D9D7 /* Resources */,
			);
			buildRules = (
			);
			dependencies = (
			);
			name = AAMenu;
			packageProductDependencies = (
				674CE35F29448F33008B2D6D /* SnapKit */,
				6772F04C294639A100F0B7DA /* Realm */,
				6772F04E294639A100F0B7DA /* RealmSwift */,
				6762645E294DD7F90014D092 /* RxCocoa */,
				67626460294DD7F90014D092 /* RxSwift */,
				67626485297B17AE0014D092 /* RxRealm */,
			);
			productName = AAMenu;
			productReference = 67C3F18E293657DB00D2D9D7 /* AAMenu.app */;
			productType = "com.apple.product-type.application";
		};
/* End PBXNativeTarget section */

/* Begin PBXProject section */
		67C3F186293657DB00D2D9D7 /* Project object */ = {
			isa = PBXProject;
			attributes = {
				BuildIndependentTargetsInParallel = 1;
				LastSwiftUpdateCheck = 1400;
				LastUpgradeCheck = 1400;
				TargetAttributes = {
					67C3F18D293657DB00D2D9D7 = {
						CreatedOnToolsVersion = 14.0.1;
					};
				};
			};
			buildConfigurationList = 67C3F189293657DB00D2D9D7 /* Build configuration list for PBXProject "AAMenu" */;
			compatibilityVersion = "Xcode 14.0";
			developmentRegion = en;
			hasScannedForEncodings = 0;
			knownRegions = (
				en,
				Base,
			);
			mainGroup = 67C3F185293657DB00D2D9D7;
			packageReferences = (
				674CE35E29448F33008B2D6D /* XCRemoteSwiftPackageReference "SnapKit" */,
				6772F04B294639A100F0B7DA /* XCRemoteSwiftPackageReference "realm-swift" */,
				6762645D294DD7F90014D092 /* XCRemoteSwiftPackageReference "RxSwift" */,
				67626484297B17AE0014D092 /* XCRemoteSwiftPackageReference "RxRealm" */,
			);
			productRefGroup = 67C3F18F293657DB00D2D9D7 /* Products */;
			projectDirPath = "";
			projectRoot = "";
			targets = (
				67C3F18D293657DB00D2D9D7 /* AAMenu */,
			);
		};
/* End PBXProject section */

/* Begin PBXResourcesBuildPhase section */
		67C3F18C293657DB00D2D9D7 /* Resources */ = {
			isa = PBXResourcesBuildPhase;
			buildActionMask = 2147483647;
			files = (
				67C3F1A1293657DB00D2D9D7 /* LaunchScreen.storyboard in Resources */,
				67C3F19E293657DB00D2D9D7 /* Assets.xcassets in Resources */,
			);
			runOnlyForDeploymentPostprocessing = 0;
		};
/* End PBXResourcesBuildPhase section */

/* Begin PBXSourcesBuildPhase section */
		67C3F18A293657DB00D2D9D7 /* Sources */ = {
			isa = PBXSourcesBuildPhase;
			buildActionMask = 2147483647;
			files = (
				67C3F196293657DB00D2D9D7 /* MainViewController.swift in Sources */,
				67C3F192293657DB00D2D9D7 /* AppDelegate.swift in Sources */,
				67C3F19C293657DB00D2D9D7 /* AAMenu.xcdatamodeld in Sources */,
				674CE3672944923E008B2D6D /* BaseView.swift in Sources */,
				676264782972A9270014D092 /* MenuData.swift in Sources */,
				674CE3742944983B008B2D6D /* CategoryView.swift in Sources */,
				674CE36F294497D1008B2D6D /* MenuListView.swift in Sources */,
				674CE36529449217008B2D6D /* MainView.swift in Sources */,
				674CE36A2944970F008B2D6D /* CategoryCell.swift in Sources */,
				67626482297B0B870014D092 /* RealmManager.swift in Sources */,
				674CE36C29449715008B2D6D /* MenuCell.swift in Sources */,
				676264802973D2A50014D092 /* TestRealmView.swift in Sources */,
				6762647C2972BC0F0014D092 /* CategoryCollectionViewLayout.swift in Sources */,
				6762647E2973D2670014D092 /* TestRealmAlert.swift in Sources */,
				67C3F194293657DB00D2D9D7 /* SceneDelegate.swift in Sources */,
				67626463294DDC4E0014D092 /* MainViewModel.swift in Sources */,
			);
			runOnlyForDeploymentPostprocessing = 0;
		};
/* End PBXSourcesBuildPhase section */

/* Begin PBXVariantGroup section */
		67C3F19F293657DB00D2D9D7 /* LaunchScreen.storyboard */ = {
			isa = PBXVariantGroup;
			children = (
				67C3F1A0293657DB00D2D9D7 /* Base */,
			);
			name = LaunchScreen.storyboard;
			sourceTree = "<group>";
		};
/* End PBXVariantGroup section */

/* Begin XCBuildConfiguration section */
		67C3F1A3293657DB00D2D9D7 /* Debug */ = {
			isa = XCBuildConfiguration;
			buildSettings = {
				ALWAYS_SEARCH_USER_PATHS = NO;
				CLANG_ANALYZER_NONNULL = YES;
				CLANG_ANALYZER_NUMBER_OBJECT_CONVERSION = YES_AGGRESSIVE;
				CLANG_CXX_LANGUAGE_STANDARD = "gnu++20";
				CLANG_ENABLE_MODULES = YES;
				CLANG_ENABLE_OBJC_ARC = YES;
				CLANG_ENABLE_OBJC_WEAK = YES;
				CLANG_WARN_BLOCK_CAPTURE_AUTORELEASING = YES;
				CLANG_WARN_BOOL_CONVERSION = YES;
				CLANG_WARN_COMMA = YES;
				CLANG_WARN_CONSTANT_CONVERSION = YES;
				CLANG_WARN_DEPRECATED_OBJC_IMPLEMENTATIONS = YES;
				CLANG_WARN_DIRECT_OBJC_ISA_USAGE = YES_ERROR;
				CLANG_WARN_DOCUMENTATION_COMMENTS = YES;
				CLANG_WARN_EMPTY_BODY = YES;
				CLANG_WARN_ENUM_CONVERSION = YES;
				CLANG_WARN_INFINITE_RECURSION = YES;
				CLANG_WARN_INT_CONVERSION = YES;
				CLANG_WARN_NON_LITERAL_NULL_CONVERSION = YES;
				CLANG_WARN_OBJC_IMPLICIT_RETAIN_SELF = YES;
				CLANG_WARN_OBJC_LITERAL_CONVERSION = YES;
				CLANG_WARN_OBJC_ROOT_CLASS = YES_ERROR;
				CLANG_WARN_QUOTED_INCLUDE_IN_FRAMEWORK_HEADER = YES;
				CLANG_WARN_RANGE_LOOP_ANALYSIS = YES;
				CLANG_WARN_STRICT_PROTOTYPES = YES;
				CLANG_WARN_SUSPICIOUS_MOVE = YES;
				CLANG_WARN_UNGUARDED_AVAILABILITY = YES_AGGRESSIVE;
				CLANG_WARN_UNREACHABLE_CODE = YES;
				CLANG_WARN__DUPLICATE_METHOD_MATCH = YES;
				COPY_PHASE_STRIP = NO;
				DEBUG_INFORMATION_FORMAT = dwarf;
				ENABLE_STRICT_OBJC_MSGSEND = YES;
				ENABLE_TESTABILITY = YES;
				GCC_C_LANGUAGE_STANDARD = gnu11;
				GCC_DYNAMIC_NO_PIC = NO;
				GCC_NO_COMMON_BLOCKS = YES;
				GCC_OPTIMIZATION_LEVEL = 0;
				GCC_PREPROCESSOR_DEFINITIONS = (
					"DEBUG=1",
					"$(inherited)",
				);
				GCC_WARN_64_TO_32_BIT_CONVERSION = YES;
				GCC_WARN_ABOUT_RETURN_TYPE = YES_ERROR;
				GCC_WARN_UNDECLARED_SELECTOR = YES;
				GCC_WARN_UNINITIALIZED_AUTOS = YES_AGGRESSIVE;
				GCC_WARN_UNUSED_FUNCTION = YES;
				GCC_WARN_UNUSED_VARIABLE = YES;
				IPHONEOS_DEPLOYMENT_TARGET = 16.0;
				MTL_ENABLE_DEBUG_INFO = INCLUDE_SOURCE;
				MTL_FAST_MATH = YES;
				ONLY_ACTIVE_ARCH = YES;
				SDKROOT = iphoneos;
				SWIFT_ACTIVE_COMPILATION_CONDITIONS = DEBUG;
				SWIFT_OPTIMIZATION_LEVEL = "-Onone";
			};
			name = Debug;
		};
		67C3F1A4293657DB00D2D9D7 /* Release */ = {
			isa = XCBuildConfiguration;
			buildSettings = {
				ALWAYS_SEARCH_USER_PATHS = NO;
				CLANG_ANALYZER_NONNULL = YES;
				CLANG_ANALYZER_NUMBER_OBJECT_CONVERSION = YES_AGGRESSIVE;
				CLANG_CXX_LANGUAGE_STANDARD = "gnu++20";
				CLANG_ENABLE_MODULES = YES;
				CLANG_ENABLE_OBJC_ARC = YES;
				CLANG_ENABLE_OBJC_WEAK = YES;
				CLANG_WARN_BLOCK_CAPTURE_AUTORELEASING = YES;
				CLANG_WARN_BOOL_CONVERSION = YES;
				CLANG_WARN_COMMA = YES;
				CLANG_WARN_CONSTANT_CONVERSION = YES;
				CLANG_WARN_DEPRECATED_OBJC_IMPLEMENTATIONS = YES;
				CLANG_WARN_DIRECT_OBJC_ISA_USAGE = YES_ERROR;
				CLANG_WARN_DOCUMENTATION_COMMENTS = YES;
				CLANG_WARN_EMPTY_BODY = YES;
				CLANG_WARN_ENUM_CONVERSION = YES;
				CLANG_WARN_INFINITE_RECURSION = YES;
				CLANG_WARN_INT_CONVERSION = YES;
				CLANG_WARN_NON_LITERAL_NULL_CONVERSION = YES;
				CLANG_WARN_OBJC_IMPLICIT_RETAIN_SELF = YES;
				CLANG_WARN_OBJC_LITERAL_CONVERSION = YES;
				CLANG_WARN_OBJC_ROOT_CLASS = YES_ERROR;
				CLANG_WARN_QUOTED_INCLUDE_IN_FRAMEWORK_HEADER = YES;
				CLANG_WARN_RANGE_LOOP_ANALYSIS = YES;
				CLANG_WARN_STRICT_PROTOTYPES = YES;
				CLANG_WARN_SUSPICIOUS_MOVE = YES;
				CLANG_WARN_UNGUARDED_AVAILABILITY = YES_AGGRESSIVE;
				CLANG_WARN_UNREACHABLE_CODE = YES;
				CLANG_WARN__DUPLICATE_METHOD_MATCH = YES;
				COPY_PHASE_STRIP = NO;
				DEBUG_INFORMATION_FORMAT = "dwarf-with-dsym";
				ENABLE_NS_ASSERTIONS = NO;
				ENABLE_STRICT_OBJC_MSGSEND = YES;
				GCC_C_LANGUAGE_STANDARD = gnu11;
				GCC_NO_COMMON_BLOCKS = YES;
				GCC_WARN_64_TO_32_BIT_CONVERSION = YES;
				GCC_WARN_ABOUT_RETURN_TYPE = YES_ERROR;
				GCC_WARN_UNDECLARED_SELECTOR = YES;
				GCC_WARN_UNINITIALIZED_AUTOS = YES_AGGRESSIVE;
				GCC_WARN_UNUSED_FUNCTION = YES;
				GCC_WARN_UNUSED_VARIABLE = YES;
				IPHONEOS_DEPLOYMENT_TARGET = 16.0;
				MTL_ENABLE_DEBUG_INFO = NO;
				MTL_FAST_MATH = YES;
				SDKROOT = iphoneos;
				SWIFT_COMPILATION_MODE = wholemodule;
				SWIFT_OPTIMIZATION_LEVEL = "-O";
				VALIDATE_PRODUCT = YES;
			};
			name = Release;
		};
		67C3F1A6293657DB00D2D9D7 /* Debug */ = {
			isa = XCBuildConfiguration;
			buildSettings = {
				ASSETCATALOG_COMPILER_APPICON_NAME = AppIcon;
				ASSETCATALOG_COMPILER_GLOBAL_ACCENT_COLOR_NAME = AccentColor;
				CODE_SIGN_STYLE = Automatic;
				CURRENT_PROJECT_VERSION = 1;
				DEVELOPMENT_TEAM = 75QD4ZR23L;
				GENERATE_INFOPLIST_FILE = YES;
				INFOPLIST_FILE = AAMenu/Info.plist;
				INFOPLIST_KEY_CFBundleDisplayName = AAMENU;
				INFOPLIST_KEY_LSApplicationCategoryType = "public.app-category.utilities";
				INFOPLIST_KEY_UIApplicationSupportsIndirectInputEvents = YES;
				INFOPLIST_KEY_UILaunchStoryboardName = LaunchScreen;
				INFOPLIST_KEY_UISupportedInterfaceOrientations_iPad = "UIInterfaceOrientationPortrait UIInterfaceOrientationPortraitUpsideDown UIInterfaceOrientationLandscapeLeft UIInterfaceOrientationLandscapeRight";
				INFOPLIST_KEY_UISupportedInterfaceOrientations_iPhone = "UIInterfaceOrientationPortrait UIInterfaceOrientationLandscapeLeft UIInterfaceOrientationLandscapeRight";
				IPHONEOS_DEPLOYMENT_TARGET = 15.0;
				LD_RUNPATH_SEARCH_PATHS = (
					"$(inherited)",
					"@executable_path/Frameworks",
				);
				MARKETING_VERSION = 1.0;
				PRODUCT_BUNDLE_IDENTIFIER = RibbonProject.AAMenu;
				PRODUCT_NAME = "$(TARGET_NAME)";
				SUPPORTED_PLATFORMS = "iphoneos iphonesimulator";
				SUPPORTS_MACCATALYST = NO;
				SUPPORTS_MAC_DESIGNED_FOR_IPHONE_IPAD = NO;
				SWIFT_EMIT_LOC_STRINGS = YES;
				SWIFT_VERSION = 5.0;
				TARGETED_DEVICE_FAMILY = 2;
			};
			name = Debug;
		};
		67C3F1A7293657DB00D2D9D7 /* Release */ = {
			isa = XCBuildConfiguration;
			buildSettings = {
				ASSETCATALOG_COMPILER_APPICON_NAME = AppIcon;
				ASSETCATALOG_COMPILER_GLOBAL_ACCENT_COLOR_NAME = AccentColor;
				CODE_SIGN_STYLE = Automatic;
				CURRENT_PROJECT_VERSION = 1;
				DEVELOPMENT_TEAM = 75QD4ZR23L;
				GENERATE_INFOPLIST_FILE = YES;
				INFOPLIST_FILE = AAMenu/Info.plist;
				INFOPLIST_KEY_CFBundleDisplayName = AAMENU;
				INFOPLIST_KEY_LSApplicationCategoryType = "public.app-category.utilities";
				INFOPLIST_KEY_UIApplicationSupportsIndirectInputEvents = YES;
				INFOPLIST_KEY_UILaunchStoryboardName = LaunchScreen;
				INFOPLIST_KEY_UISupportedInterfaceOrientations_iPad = "UIInterfaceOrientationPortrait UIInterfaceOrientationPortraitUpsideDown UIInterfaceOrientationLandscapeLeft UIInterfaceOrientationLandscapeRight";
				INFOPLIST_KEY_UISupportedInterfaceOrientations_iPhone = "UIInterfaceOrientationPortrait UIInterfaceOrientationLandscapeLeft UIInterfaceOrientationLandscapeRight";
				IPHONEOS_DEPLOYMENT_TARGET = 15.0;
				LD_RUNPATH_SEARCH_PATHS = (
					"$(inherited)",
					"@executable_path/Frameworks",
				);
				MARKETING_VERSION = 1.0;
				PRODUCT_BUNDLE_IDENTIFIER = RibbonProject.AAMenu;
				PRODUCT_NAME = "$(TARGET_NAME)";
				SUPPORTED_PLATFORMS = "iphoneos iphonesimulator";
				SUPPORTS_MACCATALYST = NO;
				SUPPORTS_MAC_DESIGNED_FOR_IPHONE_IPAD = NO;
				SWIFT_EMIT_LOC_STRINGS = YES;
				SWIFT_VERSION = 5.0;
				TARGETED_DEVICE_FAMILY = 2;
			};
			name = Release;
		};
/* End XCBuildConfiguration section */

/* Begin XCConfigurationList section */
		67C3F189293657DB00D2D9D7 /* Build configuration list for PBXProject "AAMenu" */ = {
			isa = XCConfigurationList;
			buildConfigurations = (
				67C3F1A3293657DB00D2D9D7 /* Debug */,
				67C3F1A4293657DB00D2D9D7 /* Release */,
			);
			defaultConfigurationIsVisible = 0;
			defaultConfigurationName = Debug;
		};
		67C3F1A5293657DB00D2D9D7 /* Build configuration list for PBXNativeTarget "AAMenu" */ = {
			isa = XCConfigurationList;
			buildConfigurations = (
				67C3F1A6293657DB00D2D9D7 /* Debug */,
				67C3F1A7293657DB00D2D9D7 /* Release */,
			);
			defaultConfigurationIsVisible = 0;
			defaultConfigurationName = Debug;
		};
/* End XCConfigurationList section */

/* Begin XCRemoteSwiftPackageReference section */
		674CE35E29448F33008B2D6D /* XCRemoteSwiftPackageReference "SnapKit" */ = {
			isa = XCRemoteSwiftPackageReference;
			repositoryURL = "https://github.com/SnapKit/SnapKit.git";
			requirement = {
				branch = develop;
				kind = branch;
			};
		};
		6762645D294DD7F90014D092 /* XCRemoteSwiftPackageReference "RxSwift" */ = {
			isa = XCRemoteSwiftPackageReference;
			repositoryURL = "https://github.com/ReactiveX/RxSwift";
			requirement = {
				kind = upToNextMajorVersion;
				minimumVersion = 6.0.0;
			};
		};
		67626484297B17AE0014D092 /* XCRemoteSwiftPackageReference "RxRealm" */ = {
			isa = XCRemoteSwiftPackageReference;
			repositoryURL = "https://github.com/RxSwiftCommunity/RxRealm";
			requirement = {
				branch = main;
				kind = branch;
			};
		};
		6772F04B294639A100F0B7DA /* XCRemoteSwiftPackageReference "realm-swift" */ = {
			isa = XCRemoteSwiftPackageReference;
			repositoryURL = "https://github.com/realm/realm-swift";
			requirement = {
				branch = master;
				kind = branch;
			};
		};
/* End XCRemoteSwiftPackageReference section */

/* Begin XCSwiftPackageProductDependency section */
		674CE35F29448F33008B2D6D /* SnapKit */ = {
			isa = XCSwiftPackageProductDependency;
			package = 674CE35E29448F33008B2D6D /* XCRemoteSwiftPackageReference "SnapKit" */;
			productName = SnapKit;
		};
		6762645E294DD7F90014D092 /* RxCocoa */ = {
			isa = XCSwiftPackageProductDependency;
			package = 6762645D294DD7F90014D092 /* XCRemoteSwiftPackageReference "RxSwift" */;
			productName = RxCocoa;
		};
		67626460294DD7F90014D092 /* RxSwift */ = {
			isa = XCSwiftPackageProductDependency;
			package = 6762645D294DD7F90014D092 /* XCRemoteSwiftPackageReference "RxSwift" */;
			productName = RxSwift;
		};
		67626485297B17AE0014D092 /* RxRealm */ = {
			isa = XCSwiftPackageProductDependency;
			package = 67626484297B17AE0014D092 /* XCRemoteSwiftPackageReference "RxRealm" */;
			productName = RxRealm;
		};
		6772F04C294639A100F0B7DA /* Realm */ = {
			isa = XCSwiftPackageProductDependency;
			package = 6772F04B294639A100F0B7DA /* XCRemoteSwiftPackageReference "realm-swift" */;
			productName = Realm;
		};
		6772F04E294639A100F0B7DA /* RealmSwift */ = {
			isa = XCSwiftPackageProductDependency;
			package = 6772F04B294639A100F0B7DA /* XCRemoteSwiftPackageReference "realm-swift" */;
			productName = RealmSwift;
		};
/* End XCSwiftPackageProductDependency section */

/* Begin XCVersionGroup section */
		67C3F19A293657DB00D2D9D7 /* AAMenu.xcdatamodeld */ = {
			isa = XCVersionGroup;
			children = (
				67C3F19B293657DB00D2D9D7 /* AAMenu.xcdatamodel */,
			);
			currentVersion = 67C3F19B293657DB00D2D9D7 /* AAMenu.xcdatamodel */;
			path = AAMenu.xcdatamodeld;
			sourceTree = "<group>";
			versionGroupType = wrapper.xcdatamodel;
		};
/* End XCVersionGroup section */
	};
	rootObject = 67C3F186293657DB00D2D9D7 /* Project object */;
}
